{
  "name": "lanzeapp",
  "version": "1.0.0",
  "lockfileVersion": 1,
  "requires": true,
  "dependencies": {
    "@babel/runtime": {
      "version": "7.7.4",
      "resolved": "https://registry.npmjs.org/@babel/runtime/-/runtime-7.7.4.tgz",
      "integrity": "sha512-r24eVUUr0QqNZa+qrImUk8fn5SPhHq+IfYvIoIMg0do3GdK9sMdiLKP3GYVVaxpPKORgm8KRKaNTEhAjgIpLMw==",
      "requires": {
        "regenerator-runtime": "^0.13.2"
      },
      "dependencies": {
        "regenerator-runtime": {
          "version": "0.13.3",
          "resolved": "https://registry.npmjs.org/regenerator-runtime/-/regenerator-runtime-0.13.3.tgz",
          "integrity": "sha512-naKIZz2GQ8JWh///G7L3X6LaQUAMp2lvb1rvwwsURe/VXwD6VMfr+/1NuNw3ag8v2kY1aQ/go5SNn79O9JU7yw=="
        }
      }
    },
    "@dcloudio/uni-ui": {
      "version": "1.1.0",
      "resolved": "https://registry.npmjs.org/@dcloudio/uni-ui/-/uni-ui-1.1.0.tgz",
      "integrity": "sha512-O21p7zCtpyBUMH7i3XX+V461RJh24hWedlTcVpqYrdmCu2eIqQMt783hLexGqzCLaqAvxxAjup95kPrVuo+S1A=="
    },
    "@vant/icons": {
      "version": "1.1.15",
      "resolved": "https://registry.npmjs.org/@vant/icons/-/icons-1.1.15.tgz",
      "integrity": "sha512-96tbJotfofrKpOrUGWKkiGLJsCFc0OX5pikWLW5yarD+EMhi0zCrQSDb95xGrp/HETAFm+nSTQu2e1zGsWN/7A=="
    },
    "@vue/babel-helper-vue-jsx-merge-props": {
      "version": "1.0.0",
      "resolved": "https://registry.npmjs.org/@vue/babel-helper-vue-jsx-merge-props/-/babel-helper-vue-jsx-merge-props-1.0.0.tgz",
      "integrity": "sha512-6tyf5Cqm4m6v7buITuwS+jHzPlIPxbFzEhXR5JGZpbrvOcp1hiQKckd305/3C7C36wFekNTQSxAtgeM0j0yoUw=="
    },
    "date-fns": {
      "version": "1.30.1",
      "resolved": "https://registry.npmjs.org/date-fns/-/date-fns-1.30.1.tgz",
      "integrity": "sha512-hBSVCvSmWC+QypYObzwGOd9wqdDpOt+0wl0KbU+R+uuZBS1jN8VsD1ss3irQDknRj5NvxiTF6oj/nDRnN/UQNw=="
    },
    "qrcodejs2": {
      "version": "0.0.2",
      "resolved": "https://registry.npmjs.org/qrcodejs2/-/qrcodejs2-0.0.2.tgz",
      "integrity": "sha1-Rlr+Xjnxn6zsuTLBH3oYYQkUauE="
    },
    "vant": {
      "version": "2.2.14",
      "resolved": "https://registry.npmjs.org/vant/-/vant-2.2.14.tgz",
      "integrity": "sha512-IpYs2FsQ8ZY6EcesOD0SBl24mpnzJW/aDVGfjDoGI5fgLQJcYp24twCeLbiX9KdZ0lAgS4PKwKQjkFX/i0yHnQ==",
      "requires": {
        "@babel/runtime": "7.x",
        "@vant/icons": "1.1.15",
        "@vue/babel-helper-vue-jsx-merge-props": "^1.0.0",
        "vue-lazyload": "1.2.3"
      }
    },
    "vue-lazyload": {
      "version": "1.2.3",
      "resolved": "https://registry.npmjs.org/vue-lazyload/-/vue-lazyload-1.2.3.tgz",
      "integrity": "sha512-DC0ZwxanbRhx79tlA3zY5OYJkH8FYp3WBAnAJbrcuoS8eye1P73rcgAZhyxFSPUluJUTelMB+i/+VkNU/qVm7g=="
    },
    "vue-timeago": {
      "version": "5.1.2",
      "resolved": "https://registry.npmjs.org/vue-timeago/-/vue-timeago-5.1.2.tgz",
      "integrity": "sha512-K74EdER1WO1XX+EIsf5ZeHucZjconfncOTlKxntC7s7q0QAAgiZt5BYenJ/GPHEEcxfmrGsiFWJPYmLHyNzDRg==",
      "requires": {
        "date-fns": "^1.29.0"
      }
    }
  }
}
